// !$*UTF8*$!
{
	archiveVersion = 1;
	classes = {
	};
	objectVersion = 50;
	objects = {

/* Begin PBXBuildFile section */
		67436798DD6168E5367A5F33 /* Pods_PetTaxiIos.framework in Frameworks */ = {isa = PBXBuildFile; fileRef = 32BB517636259E2D18402A0D /* Pods_PetTaxiIos.framework */; };
		FEAD56592114142A002CC3C9 /* AppDelegate.swift in Sources */ = {isa = PBXBuildFile; fileRef = FEAD56582114142A002CC3C9 /* AppDelegate.swift */; };
		FEAD565B2114142A002CC3C9 /* MainController.swift in Sources */ = {isa = PBXBuildFile; fileRef = FEAD565A2114142A002CC3C9 /* MainController.swift */; };
		FEAD565E2114142A002CC3C9 /* Main.storyboard in Resources */ = {isa = PBXBuildFile; fileRef = FEAD565C2114142A002CC3C9 /* Main.storyboard */; };
		FEAD56602114142C002CC3C9 /* Assets.xcassets in Resources */ = {isa = PBXBuildFile; fileRef = FEAD565F2114142C002CC3C9 /* Assets.xcassets */; };
		FEAD56632114142C002CC3C9 /* LaunchScreen.storyboard in Resources */ = {isa = PBXBuildFile; fileRef = FEAD56612114142C002CC3C9 /* LaunchScreen.storyboard */; };
		FEAD5671211418E7002CC3C9 /* StartController.swift in Sources */ = {isa = PBXBuildFile; fileRef = FEAD5670211418E7002CC3C9 /* StartController.swift */; };
		FEAD567321142BFA002CC3C9 /* CustomerLoginController.swift in Sources */ = {isa = PBXBuildFile; fileRef = FEAD567221142BFA002CC3C9 /* CustomerLoginController.swift */; };
		FEAD56752114313A002CC3C9 /* DriverLoginController.swift in Sources */ = {isa = PBXBuildFile; fileRef = FEAD56742114313A002CC3C9 /* DriverLoginController.swift */; };
		FED26B352116C2590076DD82 /* CustomerMapController.swift in Sources */ = {isa = PBXBuildFile; fileRef = FED26B342116C2590076DD82 /* CustomerMapController.swift */; };
		FED26B3721186A720076DD82 /* DriverRequestViewController.swift in Sources */ = {isa = PBXBuildFile; fileRef = FED26B3621186A720076DD82 /* DriverRequestViewController.swift */; };
/* End PBXBuildFile section */

/* Begin PBXFileReference section */
		32BB517636259E2D18402A0D /* Pods_PetTaxiIos.framework */ = {isa = PBXFileReference; explicitFileType = wrapper.framework; includeInIndex = 0; path = Pods_PetTaxiIos.framework; sourceTree = BUILT_PRODUCTS_DIR; };
		3DB7B03E61928A57AE0F73DD /* Pods-PetTaxiIos.release.xcconfig */ = {isa = PBXFileReference; includeInIndex = 1; lastKnownFileType = text.xcconfig; name = "Pods-PetTaxiIos.release.xcconfig"; path = "Pods/Target Support Files/Pods-PetTaxiIos/Pods-PetTaxiIos.release.xcconfig"; sourceTree = "<group>"; };
		603A64F1D7B7C31DC970DAD9 /* Pods-PetTaxiIos.debug.xcconfig */ = {isa = PBXFileReference; includeInIndex = 1; lastKnownFileType = text.xcconfig; name = "Pods-PetTaxiIos.debug.xcconfig"; path = "Pods/Target Support Files/Pods-PetTaxiIos/Pods-PetTaxiIos.debug.xcconfig"; sourceTree = "<group>"; };
		FEAD56552114142A002CC3C9 /* PetTaxiIos.app */ = {isa = PBXFileReference; explicitFileType = wrapper.application; includeInIndex = 0; path = PetTaxiIos.app; sourceTree = BUILT_PRODUCTS_DIR; };
		FEAD56582114142A002CC3C9 /* AppDelegate.swift */ = {isa = PBXFileReference; lastKnownFileType = sourcecode.swift; path = AppDelegate.swift; sourceTree = "<group>"; };
		FEAD565A2114142A002CC3C9 /* MainController.swift */ = {isa = PBXFileReference; lastKnownFileType = sourcecode.swift; path = MainController.swift; sourceTree = "<group>"; };
		FEAD565D2114142A002CC3C9 /* Base */ = {isa = PBXFileReference; lastKnownFileType = file.storyboard; name = Base; path = Base.lproj/Main.storyboard; sourceTree = "<group>"; };
		FEAD565F2114142C002CC3C9 /* Assets.xcassets */ = {isa = PBXFileReference; lastKnownFileType = folder.assetcatalog; path = Assets.xcassets; sourceTree = "<group>"; };
		FEAD56622114142C002CC3C9 /* Base */ = {isa = PBXFileReference; lastKnownFileType = file.storyboard; name = Base; path = Base.lproj/LaunchScreen.storyboard; sourceTree = "<group>"; };
		FEAD56642114142C002CC3C9 /* Info.plist */ = {isa = PBXFileReference; lastKnownFileType = text.plist.xml; path = Info.plist; sourceTree = "<group>"; };
		FEAD5670211418E7002CC3C9 /* StartController.swift */ = {isa = PBXFileReference; lastKnownFileType = sourcecode.swift; path = StartController.swift; sourceTree = "<group>"; };
		FEAD567221142BFA002CC3C9 /* CustomerLoginController.swift */ = {isa = PBXFileReference; lastKnownFileType = sourcecode.swift; path = CustomerLoginController.swift; sourceTree = "<group>"; };
		FEAD56742114313A002CC3C9 /* DriverLoginController.swift */ = {isa = PBXFileReference; lastKnownFileType = sourcecode.swift; path = DriverLoginController.swift; sourceTree = "<group>"; };
		FED26B342116C2590076DD82 /* CustomerMapController.swift */ = {isa = PBXFileReference; lastKnownFileType = sourcecode.swift; path = CustomerMapController.swift; sourceTree = "<group>"; };
		FED26B3621186A720076DD82 /* DriverRequestViewController.swift */ = {isa = PBXFileReference; lastKnownFileType = sourcecode.swift; path = DriverRequestViewController.swift; sourceTree = "<group>"; };
/* End PBXFileReference section */

/* Begin PBXFrameworksBuildPhase section */
		FEAD56522114142A002CC3C9 /* Frameworks */ = {
			isa = PBXFrameworksBuildPhase;
			buildActionMask = 2147483647;
			files = (
				67436798DD6168E5367A5F33 /* Pods_PetTaxiIos.framework in Frameworks */,
			);
			runOnlyForDeploymentPostprocessing = 0;
		};
/* End PBXFrameworksBuildPhase section */

/* Begin PBXGroup section */
		2272C7EB6BBC8F185EC6C46A /* Frameworks */ = {
			isa = PBXGroup;
			children = (
				32BB517636259E2D18402A0D /* Pods_PetTaxiIos.framework */,
			);
			name = Frameworks;
			sourceTree = "<group>";
		};
		C9D25E2A64CAAA059A9DE3F4 /* Pods */ = {
			isa = PBXGroup;
			children = (
				603A64F1D7B7C31DC970DAD9 /* Pods-PetTaxiIos.debug.xcconfig */,
				3DB7B03E61928A57AE0F73DD /* Pods-PetTaxiIos.release.xcconfig */,
			);
			name = Pods;
			sourceTree = "<group>";
		};
		FEAD564C2114142A002CC3C9 = {
			isa = PBXGroup;
			children = (
				FEAD56572114142A002CC3C9 /* PetTaxiIos */,
				FEAD56562114142A002CC3C9 /* Products */,
				C9D25E2A64CAAA059A9DE3F4 /* Pods */,
				2272C7EB6BBC8F185EC6C46A /* Frameworks */,
			);
			sourceTree = "<group>";
		};
		FEAD56562114142A002CC3C9 /* Products */ = {
			isa = PBXGroup;
			children = (
				FEAD56552114142A002CC3C9 /* PetTaxiIos.app */,
			);
			name = Products;
			sourceTree = "<group>";
		};
		FEAD56572114142A002CC3C9 /* PetTaxiIos */ = {
			isa = PBXGroup;
			children = (
				FEAD566C21141469002CC3C9 /* Model */,
				FEAD566B21141462002CC3C9 /* View */,
				FEAD566A2114145C002CC3C9 /* Controller */,
				FEAD566D21141471002CC3C9 /* Supporting FIles */,
			);
			path = PetTaxiIos;
			sourceTree = "<group>";
		};
		FEAD566A2114145C002CC3C9 /* Controller */ = {
			isa = PBXGroup;
			children = (
				FEAD56582114142A002CC3C9 /* AppDelegate.swift */,
				FEAD565A2114142A002CC3C9 /* MainController.swift */,
				FEAD5670211418E7002CC3C9 /* StartController.swift */,
				FEAD567221142BFA002CC3C9 /* CustomerLoginController.swift */,
				FEAD56742114313A002CC3C9 /* DriverLoginController.swift */,
				FED26B342116C2590076DD82 /* CustomerMapController.swift */,
				FED26B3621186A720076DD82 /* DriverRequestViewController.swift */,
			);
			path = Controller;
			sourceTree = "<group>";
		};
		FEAD566B21141462002CC3C9 /* View */ = {
			isa = PBXGroup;
			children = (
				FEAD565C2114142A002CC3C9 /* Main.storyboard */,
				FEAD56612114142C002CC3C9 /* LaunchScreen.storyboard */,
			);
			path = View;
			sourceTree = "<group>";
		};
		FEAD566C21141469002CC3C9 /* Model */ = {
			isa = PBXGroup;
			children = (
			);
			path = Model;
			sourceTree = "<group>";
		};
		FEAD566D21141471002CC3C9 /* Supporting FIles */ = {
			isa = PBXGroup;
			children = (
				FEAD565F2114142C002CC3C9 /* Assets.xcassets */,
				FEAD56642114142C002CC3C9 /* Info.plist */,
			);
			path = "Supporting FIles";
			sourceTree = "<group>";
		};
/* End PBXGroup section */

/* Begin PBXNativeTarget section */
		FEAD56542114142A002CC3C9 /* PetTaxiIos */ = {
			isa = PBXNativeTarget;
			buildConfigurationList = FEAD56672114142C002CC3C9 /* Build configuration list for PBXNativeTarget "PetTaxiIos" */;
			buildPhases = (
				F4C6B6B391A11C7A017C7C87 /* [CP] Check Pods Manifest.lock */,
				FEAD56512114142A002CC3C9 /* Sources */,
				FEAD56522114142A002CC3C9 /* Frameworks */,
				FEAD56532114142A002CC3C9 /* Resources */,
				FD320FB2321F357F1DBAF067 /* [CP] Embed Pods Frameworks */,
				496428A5B5C6E2B6FD0391CA /* [CP] Copy Pods Resources */,
			);
			buildRules = (
			);
			dependencies = (
			);
			name = PetTaxiIos;
			productName = PetTaxiIos;
			productReference = FEAD56552114142A002CC3C9 /* PetTaxiIos.app */;
			productType = "com.apple.product-type.application";
		};
/* End PBXNativeTarget section */

/* Begin PBXProject section */
		FEAD564D2114142A002CC3C9 /* Project object */ = {
			isa = PBXProject;
			attributes = {
				LastSwiftUpdateCheck = 0940;
				LastUpgradeCheck = 0940;
				ORGANIZATIONNAME = "SunWoong Choi";
				TargetAttributes = {
					FEAD56542114142A002CC3C9 = {
						CreatedOnToolsVersion = 9.4.1;
					};
				};
			};
			buildConfigurationList = FEAD56502114142A002CC3C9 /* Build configuration list for PBXProject "PetTaxiIos" */;
			compatibilityVersion = "Xcode 9.3";
			developmentRegion = en;
			hasScannedForEncodings = 0;
			knownRegions = (
				en,
				Base,
			);
			mainGroup = FEAD564C2114142A002CC3C9;
			productRefGroup = FEAD56562114142A002CC3C9 /* Products */;
			projectDirPath = "";
			projectRoot = "";
			targets = (
				FEAD56542114142A002CC3C9 /* PetTaxiIos */,
			);
		};
/* End PBXProject section */

/* Begin PBXResourcesBuildPhase section */
		FEAD56532114142A002CC3C9 /* Resources */ = {
			isa = PBXResourcesBuildPhase;
			buildActionMask = 2147483647;
			files = (
				FEAD56632114142C002CC3C9 /* LaunchScreen.storyboard in Resources */,
				FEAD56602114142C002CC3C9 /* Assets.xcassets in Resources */,
				FEAD565E2114142A002CC3C9 /* Main.storyboard in Resources */,
			);
			runOnlyForDeploymentPostprocessing = 0;
		};
/* End PBXResourcesBuildPhase section */

/* Begin PBXShellScriptBuildPhase section */
		496428A5B5C6E2B6FD0391CA /* [CP] Copy Pods Resources */ = {
			isa = PBXShellScriptBuildPhase;
			buildActionMask = 2147483647;
			files = (
			);
			inputPaths = (
				"${SRCROOT}/Pods/Target Support Files/Pods-PetTaxiIos/Pods-PetTaxiIos-resources.sh",
				"${PODS_ROOT}/GoogleMaps/Maps/Frameworks/GoogleMaps.framework/Resources/GoogleMaps.bundle",
				"${PODS_ROOT}/GooglePlaces/Frameworks/GooglePlaces.framework/Resources/GooglePlaces.bundle",
			);
			name = "[CP] Copy Pods Resources";
			outputPaths = (
				"${TARGET_BUILD_DIR}/${UNLOCALIZED_RESOURCES_FOLDER_PATH}/GoogleMaps.bundle",
				"${TARGET_BUILD_DIR}/${UNLOCALIZED_RESOURCES_FOLDER_PATH}/GooglePlaces.bundle",
			);
			runOnlyForDeploymentPostprocessing = 0;
			shellPath = /bin/sh;
			shellScript = "\"${SRCROOT}/Pods/Target Support Files/Pods-PetTaxiIos/Pods-PetTaxiIos-resources.sh\"\n";
			showEnvVarsInLog = 0;
		};
		F4C6B6B391A11C7A017C7C87 /* [CP] Check Pods Manifest.lock */ = {
			isa = PBXShellScriptBuildPhase;
			buildActionMask = 2147483647;
			files = (
			);
			inputPaths = (
				"${PODS_PODFILE_DIR_PATH}/Podfile.lock",
				"${PODS_ROOT}/Manifest.lock",
			);
			name = "[CP] Check Pods Manifest.lock";
			outputPaths = (
				"$(DERIVED_FILE_DIR)/Pods-PetTaxiIos-checkManifestLockResult.txt",
			);
			runOnlyForDeploymentPostprocessing = 0;
			shellPath = /bin/sh;
			shellScript = "diff \"${PODS_PODFILE_DIR_PATH}/Podfile.lock\" \"${PODS_ROOT}/Manifest.lock\" > /dev/null\nif [ $? != 0 ] ; then\n    # print error to STDERR\n    echo \"error: The sandbox is not in sync with the Podfile.lock. Run 'pod install' or update your CocoaPods installation.\" >&2\n    exit 1\nfi\n# This output is used by Xcode 'outputs' to avoid re-running this script phase.\necho \"SUCCESS\" > \"${SCRIPT_OUTPUT_FILE_0}\"\n";
			showEnvVarsInLog = 0;
		};
		FD320FB2321F357F1DBAF067 /* [CP] Embed Pods Frameworks */ = {
			isa = PBXShellScriptBuildPhase;
			buildActionMask = 2147483647;
			files = (
			);
			inputPaths = (
				"${SRCROOT}/Pods/Target Support Files/Pods-PetTaxiIos/Pods-PetTaxiIos-frameworks.sh",
				"${BUILT_PRODUCTS_DIR}/SVProgressHUD/SVProgressHUD.framework",
			);
			name = "[CP] Embed Pods Frameworks";
			outputPaths = (
				"${TARGET_BUILD_DIR}/${FRAMEWORKS_FOLDER_PATH}/SVProgressHUD.framework",
			);
			runOnlyForDeploymentPostprocessing = 0;
			shellPath = /bin/sh;
			shellScript = "\"${SRCROOT}/Pods/Target Support Files/Pods-PetTaxiIos/Pods-PetTaxiIos-frameworks.sh\"\n";
			showEnvVarsInLog = 0;
		};
/* End PBXShellScriptBuildPhase section */

/* Begin PBXSourcesBuildPhase section */
		FEAD56512114142A002CC3C9 /* Sources */ = {
			isa = PBXSourcesBuildPhase;
			buildActionMask = 2147483647;
			files = (
				FEAD565B2114142A002CC3C9 /* MainController.swift in Sources */,
				FED26B3721186A720076DD82 /* DriverRequestViewController.swift in Sources */,
				FEAD56592114142A002CC3C9 /* AppDelegate.swift in Sources */,
				FEAD5671211418E7002CC3C9 /* StartController.swift in Sources */,
				FEAD56752114313A002CC3C9 /* DriverLoginController.swift in Sources */,
				FED26B352116C2590076DD82 /* CustomerMapController.swift in Sources */,
				FEAD567321142BFA002CC3C9 /* CustomerLoginController.swift in Sources */,
			);
			runOnlyForDeploymentPostprocessing = 0;
		};
/* End PBXSourcesBuildPhase section */

/* Begin PBXVariantGroup section */
		FEAD565C2114142A002CC3C9 /* Main.storyboard */ = {
			isa = PBXVariantGroup;
			children = (
				FEAD565D2114142A002CC3C9 /* Base */,
			);
			name = Main.storyboard;
			sourceTree = "<group>";
		};
		FEAD56612114142C002CC3C9 /* LaunchScreen.storyboard */ = {
			isa = PBXVariantGroup;
			children = (
				FEAD56622114142C002CC3C9 /* Base */,
			);
			name = LaunchScreen.storyboard;
			sourceTree = "<group>";
		};
/* End PBXVariantGroup section */

/* Begin XCBuildConfiguration section */
		FEAD56652114142C002CC3C9 /* Debug */ = {
			isa = XCBuildConfiguration;
			buildSettings = {
				ALWAYS_SEARCH_USER_PATHS = NO;
				CLANG_ANALYZER_NONNULL = YES;
				CLANG_ANALYZER_NUMBER_OBJECT_CONVERSION = YES_AGGRESSIVE;
				CLANG_CXX_LANGUAGE_STANDARD = "gnu++14";
				CLANG_CXX_LIBRARY = "libc++";
				CLANG_ENABLE_MODULES = YES;
				CLANG_ENABLE_OBJC_ARC = YES;
				CLANG_ENABLE_OBJC_WEAK = YES;
				CLANG_WARN_BLOCK_CAPTURE_AUTORELEASING = YES;
				CLANG_WARN_BOOL_CONVERSION = YES;
				CLANG_WARN_COMMA = YES;
				CLANG_WARN_CONSTANT_CONVERSION = YES;
				CLANG_WARN_DEPRECATED_OBJC_IMPLEMENTATIONS = YES;
				CLANG_WARN_DIRECT_OBJC_ISA_USAGE = YES_ERROR;
				CLANG_WARN_DOCUMENTATION_COMMENTS = YES;
				CLANG_WARN_EMPTY_BODY = YES;
				CLANG_WARN_ENUM_CONVERSION = YES;
				CLANG_WARN_INFINITE_RECURSION = YES;
				CLANG_WARN_INT_CONVERSION = YES;
				CLANG_WARN_NON_LITERAL_NULL_CONVERSION = YES;
				CLANG_WARN_OBJC_IMPLICIT_RETAIN_SELF = YES;
				CLANG_WARN_OBJC_LITERAL_CONVERSION = YES;
				CLANG_WARN_OBJC_ROOT_CLASS = YES_ERROR;
				CLANG_WARN_RANGE_LOOP_ANALYSIS = YES;
				CLANG_WARN_STRICT_PROTOTYPES = YES;
				CLANG_WARN_SUSPICIOUS_MOVE = YES;
				CLANG_WARN_UNGUARDED_AVAILABILITY = YES_AGGRESSIVE;
				CLANG_WARN_UNREACHABLE_CODE = YES;
				CLANG_WARN__DUPLICATE_METHOD_MATCH = YES;
				CODE_SIGN_IDENTITY = "iPhone Developer";
				COPY_PHASE_STRIP = NO;
				DEBUG_INFORMATION_FORMAT = dwarf;
				ENABLE_STRICT_OBJC_MSGSEND = YES;
				ENABLE_TESTABILITY = YES;
				GCC_C_LANGUAGE_STANDARD = gnu11;
				GCC_DYNAMIC_NO_PIC = NO;
				GCC_NO_COMMON_BLOCKS = YES;
				GCC_OPTIMIZATION_LEVEL = 0;
				GCC_PREPROCESSOR_DEFINITIONS = (
					"DEBUG=1",
					"$(inherited)",
				);
				GCC_WARN_64_TO_32_BIT_CONVERSION = YES;
				GCC_WARN_ABOUT_RETURN_TYPE = YES_ERROR;
				GCC_WARN_UNDECLARED_SELECTOR = YES;
				GCC_WARN_UNINITIALIZED_AUTOS = YES_AGGRESSIVE;
				GCC_WARN_UNUSED_FUNCTION = YES;
				GCC_WARN_UNUSED_VARIABLE = YES;
				IPHONEOS_DEPLOYMENT_TARGET = 11.4;
				MTL_ENABLE_DEBUG_INFO = YES;
				ONLY_ACTIVE_ARCH = YES;
				SDKROOT = iphoneos;
				SWIFT_ACTIVE_COMPILATION_CONDITIONS = DEBUG;
				SWIFT_OPTIMIZATION_LEVEL = "-Onone";
			};
			name = Debug;
		};
		FEAD56662114142C002CC3C9 /* Release */ = {
			isa = XCBuildConfiguration;
			buildSettings = {
				ALWAYS_SEARCH_USER_PATHS = NO;
				CLANG_ANALYZER_NONNULL = YES;
				CLANG_ANALYZER_NUMBER_OBJECT_CONVERSION = YES_AGGRESSIVE;
				CLANG_CXX_LANGUAGE_STANDARD = "gnu++14";
				CLANG_CXX_LIBRARY = "libc++";
				CLANG_ENABLE_MODULES = YES;
				CLANG_ENABLE_OBJC_ARC = YES;
				CLANG_ENABLE_OBJC_WEAK = YES;
				CLANG_WARN_BLOCK_CAPTURE_AUTORELEASING = YES;
				CLANG_WARN_BOOL_CONVERSION = YES;
				CLANG_WARN_COMMA = YES;
				CLANG_WARN_CONSTANT_CONVERSION = YES;
				CLANG_WARN_DEPRECATED_OBJC_IMPLEMENTATIONS = YES;
				CLANG_WARN_DIRECT_OBJC_ISA_USAGE = YES_ERROR;
				CLANG_WARN_DOCUMENTATION_COMMENTS = YES;
				CLANG_WARN_EMPTY_BODY = YES;
				CLANG_WARN_ENUM_CONVERSION = YES;
				CLANG_WARN_INFINITE_RECURSION = YES;
				CLANG_WARN_INT_CONVERSION = YES;
				CLANG_WARN_NON_LITERAL_NULL_CONVERSION = YES;
				CLANG_WARN_OBJC_IMPLICIT_RETAIN_SELF = YES;
				CLANG_WARN_OBJC_LITERAL_CONVERSION = YES;
				CLANG_WARN_OBJC_ROOT_CLASS = YES_ERROR;
				CLANG_WARN_RANGE_LOOP_ANALYSIS = YES;
				CLANG_WARN_STRICT_PROTOTYPES = YES;
				CLANG_WARN_SUSPICIOUS_MOVE = YES;
				CLANG_WARN_UNGUARDED_AVAILABILITY = YES_AGGRESSIVE;
				CLANG_WARN_UNREACHABLE_CODE = YES;
				CLANG_WARN__DUPLICATE_METHOD_MATCH = YES;
				CODE_SIGN_IDENTITY = "iPhone Developer";
				COPY_PHASE_STRIP = NO;
				DEBUG_INFORMATION_FORMAT = "dwarf-with-dsym";
				ENABLE_NS_ASSERTIONS = NO;
				ENABLE_STRICT_OBJC_MSGSEND = YES;
				GCC_C_LANGUAGE_STANDARD = gnu11;
				GCC_NO_COMMON_BLOCKS = YES;
				GCC_WARN_64_TO_32_BIT_CONVERSION = YES;
				GCC_WARN_ABOUT_RETURN_TYPE = YES_ERROR;
				GCC_WARN_UNDECLARED_SELECTOR = YES;
				GCC_WARN_UNINITIALIZED_AUTOS = YES_AGGRESSIVE;
				GCC_WARN_UNUSED_FUNCTION = YES;
				GCC_WARN_UNUSED_VARIABLE = YES;
				IPHONEOS_DEPLOYMENT_TARGET = 11.4;
				MTL_ENABLE_DEBUG_INFO = NO;
				SDKROOT = iphoneos;
				SWIFT_COMPILATION_MODE = wholemodule;
				SWIFT_OPTIMIZATION_LEVEL = "-O";
				VALIDATE_PRODUCT = YES;
			};
			name = Release;
		};
		FEAD56682114142C002CC3C9 /* Debug */ = {
			isa = XCBuildConfiguration;
			baseConfigurationReference = 603A64F1D7B7C31DC970DAD9 /* Pods-PetTaxiIos.debug.xcconfig */;
			buildSettings = {
				ASSETCATALOG_COMPILER_APPICON_NAME = AppIcon;
				CODE_SIGN_STYLE = Automatic;
				DEVELOPMENT_TEAM = 5CDJF95HBY;
				INFOPLIST_FILE = "$(SRCROOT)/PetTaxiIos/Supporting FIles/Info.plist";
				LD_RUNPATH_SEARCH_PATHS = (
					"$(inherited)",
					"@executable_path/Frameworks",
				);
				PRODUCT_BUNDLE_IDENTIFIER = com.applory.PetTaxiIos;
				PRODUCT_NAME = "$(TARGET_NAME)";
				SWIFT_VERSION = 4.0;
				TARGETED_DEVICE_FAMILY = 1;
			};
			name = Debug;
		};
		FEAD56692114142C002CC3C9 /* Release */ = {
			isa = XCBuildConfiguration;
			baseConfigurationReference = 3DB7B03E61928A57AE0F73DD /* Pods-PetTaxiIos.release.xcconfig */;
			buildSettings = {
				ASSETCATALOG_COMPILER_APPICON_NAME = AppIcon;
				CODE_SIGN_STYLE = Automatic;
				DEVELOPMENT_TEAM = 5CDJF95HBY;
				INFOPLIST_FILE = "$(SRCROOT)/PetTaxiIos/Supporting FIles/Info.plist";
				LD_RUNPATH_SEARCH_PATHS = (
					"$(inherited)",
					"@executable_path/Frameworks",
				);
				PRODUCT_BUNDLE_IDENTIFIER = com.applory.PetTaxiIos;
				PRODUCT_NAME = "$(TARGET_NAME)";
				SWIFT_VERSION = 4.0;
				TARGETED_DEVICE_FAMILY = 1;
			};
			name = Release;
		};
/* End XCBuildConfiguration section */

/* Begin XCConfigurationList section */
		FEAD56502114142A002CC3C9 /* Build configuration list for PBXProject "PetTaxiIos" */ = {
			isa = XCConfigurationList;
			buildConfigurations = (
				FEAD56652114142C002CC3C9 /* Debug */,
				FEAD56662114142C002CC3C9 /* Release */,
			);
			defaultConfigurationIsVisible = 0;
			defaultConfigurationName = Release;
		};
		FEAD56672114142C002CC3C9 /* Build configuration list for PBXNativeTarget "PetTaxiIos" */ = {
			isa = XCConfigurationList;
			buildConfigurations = (
				FEAD56682114142C002CC3C9 /* Debug */,
				FEAD56692114142C002CC3C9 /* Release */,
			);
			defaultConfigurationIsVisible = 0;
			defaultConfigurationName = Release;
		};
/* End XCConfigurationList section */
	};
	rootObject = FEAD564D2114142A002CC3C9 /* Project object */;
}
